// !$*UTF8*$!
{
	archiveVersion = 1;
	classes = {
	};
	objectVersion = 46;
	objects = {

/* Begin PBXBuildFile section */
		274CEDAA136008B50036F493 /* Cocoa.framework in Frameworks */ = {isa = PBXBuildFile; fileRef = 274CEDA9136008B50036F493 /* Cocoa.framework */; };
		274CEDB4136008B50036F493 /* InfoPlist.strings in Resources */ = {isa = PBXBuildFile; fileRef = 274CEDB2136008B50036F493 /* InfoPlist.strings */; };
		274CEDB7136008B50036F493 /* main.m in Sources */ = {isa = PBXBuildFile; fileRef = 274CEDB6136008B50036F493 /* main.m */; };
		274CEDBD136008B50036F493 /* Post_GrabberAppDelegate.m in Sources */ = {isa = PBXBuildFile; fileRef = 274CEDBC136008B50036F493 /* Post_GrabberAppDelegate.m */; };
		274CEDC0136008B60036F493 /* MainMenu.xib in Resources */ = {isa = PBXBuildFile; fileRef = 274CEDBE136008B60036F493 /* MainMenu.xib */; };
		274CEDC813600C970036F493 /* PGMainWindowController.m in Sources */ = {isa = PBXBuildFile; fileRef = 274CEDC713600C970036F493 /* PGMainWindowController.m */; };
		274CEDCA13600F460036F493 /* WebKit.framework in Frameworks */ = {isa = PBXBuildFile; fileRef = 274CEDC913600F460036F493 /* WebKit.framework */; };
/* End PBXBuildFile section */

/* Begin PBXFileReference section */
		274CEDA5136008B50036F493 /* Post Grabber.app */ = {isa = PBXFileReference; explicitFileType = wrapper.application; includeInIndex = 0; path = "Post Grabber.app"; sourceTree = BUILT_PRODUCTS_DIR; };
		274CEDA9136008B50036F493 /* Cocoa.framework */ = {isa = PBXFileReference; lastKnownFileType = wrapper.framework; name = Cocoa.framework; path = System/Library/Frameworks/Cocoa.framework; sourceTree = SDKROOT; };
		274CEDAC136008B50036F493 /* AppKit.framework */ = {isa = PBXFileReference; lastKnownFileType = wrapper.framework; name = AppKit.framework; path = System/Library/Frameworks/AppKit.framework; sourceTree = SDKROOT; };
		274CEDAD136008B50036F493 /* CoreData.framework */ = {isa = PBXFileReference; lastKnownFileType = wrapper.framework; name = CoreData.framework; path = System/Library/Frameworks/CoreData.framework; sourceTree = SDKROOT; };
		274CEDAE136008B50036F493 /* Foundation.framework */ = {isa = PBXFileReference; lastKnownFileType = wrapper.framework; name = Foundation.framework; path = System/Library/Frameworks/Foundation.framework; sourceTree = SDKROOT; };
		274CEDB1136008B50036F493 /* Post Grabber-Info.plist */ = {isa = PBXFileReference; lastKnownFileType = text.plist.xml; path = "Post Grabber-Info.plist"; sourceTree = "<group>"; };
		274CEDB3136008B50036F493 /* en */ = {isa = PBXFileReference; lastKnownFileType = text.plist.strings; name = en; path = en.lproj/InfoPlist.strings; sourceTree = "<group>"; };
		274CEDB5136008B50036F493 /* Post Grabber-Prefix.pch */ = {isa = PBXFileReference; lastKnownFileType = sourcecode.c.h; path = "Post Grabber-Prefix.pch"; sourceTree = "<group>"; };
		274CEDB6136008B50036F493 /* main.m */ = {isa = PBXFileReference; lastKnownFileType = sourcecode.c.objc; path = main.m; sourceTree = "<group>"; };
		274CEDBB136008B50036F493 /* Post_GrabberAppDelegate.h */ = {isa = PBXFileReference; lastKnownFileType = sourcecode.c.h; path = Post_GrabberAppDelegate.h; sourceTree = "<group>"; };
		274CEDBC136008B50036F493 /* Post_GrabberAppDelegate.m */ = {isa = PBXFileReference; lastKnownFileType = sourcecode.c.objc; path = Post_GrabberAppDelegate.m; sourceTree = "<group>"; };
		274CEDBF136008B60036F493 /* en */ = {isa = PBXFileReference; lastKnownFileType = file.xib; name = en; path = en.lproj/MainMenu.xib; sourceTree = "<group>"; };
		274CEDC613600C970036F493 /* PGMainWindowController.h */ = {isa = PBXFileReference; fileEncoding = 4; lastKnownFileType = sourcecode.c.h; path = PGMainWindowController.h; sourceTree = "<group>"; };
		274CEDC713600C970036F493 /* PGMainWindowController.m */ = {isa = PBXFileReference; fileEncoding = 4; lastKnownFileType = sourcecode.c.objc; path = PGMainWindowController.m; sourceTree = "<group>"; };
		274CEDC913600F460036F493 /* WebKit.framework */ = {isa = PBXFileReference; lastKnownFileType = wrapper.framework; name = WebKit.framework; path = System/Library/Frameworks/WebKit.framework; sourceTree = SDKROOT; };
/* End PBXFileReference section */

/* Begin PBXFrameworksBuildPhase section */
		274CEDA2136008B50036F493 /* Frameworks */ = {
			isa = PBXFrameworksBuildPhase;
			buildActionMask = 2147483647;
			files = (
				274CEDAA136008B50036F493 /* Cocoa.framework in Frameworks */,
				274CEDCA13600F460036F493 /* WebKit.framework in Frameworks */,
			);
			runOnlyForDeploymentPostprocessing = 0;
		};
/* End PBXFrameworksBuildPhase section */

/* Begin PBXGroup section */
		274CED9A136008B50036F493 = {
			isa = PBXGroup;
			children = (
				274CEDAF136008B50036F493 /* Post Grabber */,
				274CEDA8136008B50036F493 /* Frameworks */,
				274CEDA6136008B50036F493 /* Products */,
			);
			sourceTree = "<group>";
		};
		274CEDA6136008B50036F493 /* Products */ = {
			isa = PBXGroup;
			children = (
				274CEDA5136008B50036F493 /* Post Grabber.app */,
			);
			name = Products;
			sourceTree = "<group>";
		};
		274CEDA8136008B50036F493 /* Frameworks */ = {
			isa = PBXGroup;
			children = (
				274CEDC913600F460036F493 /* WebKit.framework */,
				274CEDA9136008B50036F493 /* Cocoa.framework */,
				274CEDAB136008B50036F493 /* Other Frameworks */,
			);
			name = Frameworks;
			sourceTree = "<group>";
		};
		274CEDAB136008B50036F493 /* Other Frameworks */ = {
			isa = PBXGroup;
			children = (
				274CEDAC136008B50036F493 /* AppKit.framework */,
				274CEDAD136008B50036F493 /* CoreData.framework */,
				274CEDAE136008B50036F493 /* Foundation.framework */,
			);
			name = "Other Frameworks";
			sourceTree = "<group>";
		};
		274CEDAF136008B50036F493 /* Post Grabber */ = {
			isa = PBXGroup;
			children = (
				274CEDBB136008B50036F493 /* Post_GrabberAppDelegate.h */,
				274CEDBC136008B50036F493 /* Post_GrabberAppDelegate.m */,
				274CEDBE136008B60036F493 /* MainMenu.xib */,
				274CEDC613600C970036F493 /* PGMainWindowController.h */,
				274CEDC713600C970036F493 /* PGMainWindowController.m */,
				274CEDB0136008B50036F493 /* Supporting Files */,
			);
			path = "Post Grabber";
			sourceTree = "<group>";
		};
		274CEDB0136008B50036F493 /* Supporting Files */ = {
			isa = PBXGroup;
			children = (
				274CEDB1136008B50036F493 /* Post Grabber-Info.plist */,
				274CEDB2136008B50036F493 /* InfoPlist.strings */,
				274CEDB5136008B50036F493 /* Post Grabber-Prefix.pch */,
				274CEDB6136008B50036F493 /* main.m */,
			);
			name = "Supporting Files";
			sourceTree = "<group>";
		};
/* End PBXGroup section */

/* Begin PBXNativeTarget section */
		274CEDA4136008B50036F493 /* Post Grabber */ = {
			isa = PBXNativeTarget;
			buildConfigurationList = 274CEDC3136008B60036F493 /* Build configuration list for PBXNativeTarget "Post Grabber" */;
			buildPhases = (
				274CEDA1136008B50036F493 /* Sources */,
				274CEDA2136008B50036F493 /* Frameworks */,
				274CEDA3136008B50036F493 /* Resources */,
			);
			buildRules = (
			);
			dependencies = (
			);
			name = "Post Grabber";
			productName = "Post Grabber";
			productReference = 274CEDA5136008B50036F493 /* Post Grabber.app */;
			productType = "com.apple.product-type.application";
		};
/* End PBXNativeTarget section */

/* Begin PBXProject section */
		274CED9C136008B50036F493 /* Project object */ = {
			isa = PBXProject;
			buildConfigurationList = 274CED9F136008B50036F493 /* Build configuration list for PBXProject "Post Grabber" */;
			compatibilityVersion = "Xcode 3.2";
			developmentRegion = English;
			hasScannedForEncodings = 0;
			knownRegions = (
				en,
			);
			mainGroup = 274CED9A136008B50036F493;
			productRefGroup = 274CEDA6136008B50036F493 /* Products */;
			projectDirPath = "";
			projectRoot = "";
			targets = (
				274CEDA4136008B50036F493 /* Post Grabber */,
			);
		};
/* End PBXProject section */

/* Begin PBXResourcesBuildPhase section */
		274CEDA3136008B50036F493 /* Resources */ = {
			isa = PBXResourcesBuildPhase;
			buildActionMask = 2147483647;
			files = (
				274CEDB4136008B50036F493 /* InfoPlist.strings in Resources */,
				274CEDC0136008B60036F493 /* MainMenu.xib in Resources */,
			);
			runOnlyForDeploymentPostprocessing = 0;
		};
/* End PBXResourcesBuildPhase section */

/* Begin PBXSourcesBuildPhase section */
		274CEDA1136008B50036F493 /* Sources */ = {
			isa = PBXSourcesBuildPhase;
			buildActionMask = 2147483647;
			files = (
				274CEDB7136008B50036F493 /* main.m in Sources */,
				274CEDBD136008B50036F493 /* Post_GrabberAppDelegate.m in Sources */,
				274CEDC813600C970036F493 /* PGMainWindowController.m in Sources */,
			);
			runOnlyForDeploymentPostprocessing = 0;
		};
/* End PBXSourcesBuildPhase section */

/* Begin PBXVariantGroup section */
		274CEDB2136008B50036F493 /* InfoPlist.strings */ = {
			isa = PBXVariantGroup;
			children = (
				274CEDB3136008B50036F493 /* en */,
			);
			name = InfoPlist.strings;
			sourceTree = "<group>";
		};
		274CEDBE136008B60036F493 /* MainMenu.xib */ = {
			isa = PBXVariantGroup;
			children = (
				274CEDBF136008B60036F493 /* en */,
			);
			name = MainMenu.xib;
			sourceTree = "<group>";
		};
/* End PBXVariantGroup section */

/* Begin XCBuildConfiguration section */
		274CEDC1136008B60036F493 /* Debug */ = {
			isa = XCBuildConfiguration;
			buildSettings = {
				ARCHS = "$(ARCHS_STANDARD_32_64_BIT)";
				GCC_C_LANGUAGE_STANDARD = gnu99;
				GCC_OPTIMIZATION_LEVEL = 0;
				GCC_PREPROCESSOR_DEFINITIONS = DEBUG;
				GCC_SYMBOLS_PRIVATE_EXTERN = NO;
				GCC_VERSION = com.apple.compilers.llvm.clang.1_0;
				GCC_WARN_64_TO_32_BIT_CONVERSION = YES;
				GCC_WARN_ABOUT_RETURN_TYPE = YES;
				GCC_WARN_UNUSED_VARIABLE = YES;
				MACOSX_DEPLOYMENT_TARGET = 10.6;
				ONLY_ACTIVE_ARCH = YES;
				SDKROOT = macosx;
			};
			name = Debug;
		};
		274CEDC2136008B60036F493 /* Release */ = {
			isa = XCBuildConfiguration;
			buildSettings = {
				ARCHS = "$(ARCHS_STANDARD_32_64_BIT)";
				GCC_C_LANGUAGE_STANDARD = gnu99;
				GCC_VERSION = com.apple.compilers.llvm.clang.1_0;
				GCC_WARN_64_TO_32_BIT_CONVERSION = YES;
				GCC_WARN_ABOUT_RETURN_TYPE = YES;
				GCC_WARN_UNUSED_VARIABLE = YES;
				MACOSX_DEPLOYMENT_TARGET = 10.6;
				SDKROOT = macosx;
			};
			name = Release;
		};
		274CEDC4136008B60036F493 /* Debug */ = {
			isa = XCBuildConfiguration;
			buildSettings = {
				ALWAYS_SEARCH_USER_PATHS = NO;
				COPY_PHASE_STRIP = NO;
				GCC_DYNAMIC_NO_PIC = NO;
				GCC_ENABLE_OBJC_EXCEPTIONS = YES;
				GCC_PRECOMPILE_PREFIX_HEADER = YES;
				GCC_PREFIX_HEADER = "Post Grabber/Post Grabber-Prefix.pch";
				INFOPLIST_FILE = "Post Grabber/Post Grabber-Info.plist";
				MACOSX_DEPLOYMENT_TARGET = 10.5;
				PRODUCT_NAME = "$(TARGET_NAME)";
				WRAPPER_EXTENSION = app;
			};
			name = Debug;
		};
		274CEDC5136008B60036F493 /* Release */ = {
			isa = XCBuildConfiguration;
			buildSettings = {
				ALWAYS_SEARCH_USER_PATHS = NO;
				COPY_PHASE_STRIP = YES;
				DEBUG_INFORMATION_FORMAT = "dwarf-with-dsym";
				GCC_ENABLE_OBJC_EXCEPTIONS = YES;
				GCC_PRECOMPILE_PREFIX_HEADER = YES;
				GCC_PREFIX_HEADER = "Post Grabber/Post Grabber-Prefix.pch";
				INFOPLIST_FILE = "Post Grabber/Post Grabber-Info.plist";
				MACOSX_DEPLOYMENT_TARGET = 10.5;
				PRODUCT_NAME = "$(TARGET_NAME)";
				WRAPPER_EXTENSION = app;
			};
			name = Release;
		};
/* End XCBuildConfiguration section */

/* Begin XCConfigurationList section */
		274CED9F136008B50036F493 /* Build configuration list for PBXProject "Post Grabber" */ = {
			isa = XCConfigurationList;
			buildConfigurations = (
				274CEDC1136008B60036F493 /* Debug */,
				274CEDC2136008B60036F493 /* Release */,
			);
			defaultConfigurationIsVisible = 0;
			defaultConfigurationName = Release;
		};
		274CEDC3136008B60036F493 /* Build configuration list for PBXNativeTarget "Post Grabber" */ = {
			isa = XCConfigurationList;
			buildConfigurations = (
				274CEDC4136008B60036F493 /* Debug */,
				274CEDC5136008B60036F493 /* Release */,
			);
			defaultConfigurationIsVisible = 0;
			defaultConfigurationName = Release;
		};
/* End XCConfigurationList section */
	};
	rootObject = 274CED9C136008B50036F493 /* Project object */;
}
